{
  "name": "visualize",
  "lockfileVersion": 2,
  "requires": true,
  "packages": {
    "": {
      "dependencies": {
        "csv-parse": "^5.5.5",
        "plotly.js-dist": "^2.32.0",
        "plotly.js-dist-min": "^2.32.0",
        "select2": "^4.1.0-rc.0",
        "stream": "^0.0.2"
      }
    },
    "node_modules/csv-parse": {
      "version": "5.5.5",
      "resolved": "https://registry.npmjs.org/csv-parse/-/csv-parse-5.5.5.tgz",
      "integrity": "sha512-erCk7tyU3yLWAhk6wvKxnyPtftuy/6Ak622gOO7BCJ05+TYffnPCJF905wmOQm+BpkX54OdAl8pveJwUdpnCXQ=="
    },
    "node_modules/emitter-component": {
      "version": "1.1.2",
      "resolved": "https://registry.npmjs.org/emitter-component/-/emitter-component-1.1.2.tgz",
      "integrity": "sha512-QdXO3nXOzZB4pAjM0n6ZE+R9/+kPpECA/XSELIcc54NeYVnBqIk+4DFiBgK+8QbV3mdvTG6nedl7dTYgO+5wDw==",
      "funding": {
        "url": "https://github.com/sponsors/sindresorhus"
      }
    },
    "node_modules/plotly.js-dist": {
      "version": "2.32.0",
      "resolved": "https://registry.npmjs.org/plotly.js-dist/-/plotly.js-dist-2.32.0.tgz",
      "integrity": "sha512-+RnvqNTJADe3ctmCMT2YOhXu4ZwYuBi7eD4FF0oyaJ8jWj65Ru6lZVnetr7T3ZvnU5BgQWbbId+tYgf0PBFkeQ=="
    },
    "node_modules/plotly.js-dist-min": {
      "version": "2.32.0",
      "resolved": "https://registry.npmjs.org/plotly.js-dist-min/-/plotly.js-dist-min-2.32.0.tgz",
      "integrity": "sha512-UVznwUQVc7NeFih0tnIbvCpxct+Jxt6yxOGTYJF4vkKIUyujvyiTrH+XazglvcXdybFLERMu/IKt6Lhz3+BqMQ=="
    },
    "node_modules/select2": {
      "version": "4.1.0-rc.0",
      "resolved": "https://registry.npmjs.org/select2/-/select2-4.1.0-rc.0.tgz",
      "integrity": "sha512-Hr9TdhyHCZUtwznEH2CBf7967mEM0idtJ5nMtjvk3Up5tPukOLXbHUNmh10oRfeNIhj+3GD3niu+g6sVK+gK0A=="
    },
    "node_modules/stream": {
      "version": "0.0.2",
      "resolved": "https://registry.npmjs.org/stream/-/stream-0.0.2.tgz",
      "integrity": "sha512-gCq3NDI2P35B2n6t76YJuOp7d6cN/C7Rt0577l91wllh0sY9ZBuw9KaSGqH/b0hzn3CWWJbpbW0W0WvQ1H/Q7g==",
      "dependencies": {
        "emitter-component": "^1.1.1"
      }
    }
  },
  "dependencies": {
    "csv-parse": {
      "version": "5.5.5",
      "resolved": "https://registry.npmjs.org/csv-parse/-/csv-parse-5.5.5.tgz",
      "integrity": "sha512-erCk7tyU3yLWAhk6wvKxnyPtftuy/6Ak622gOO7BCJ05+TYffnPCJF905wmOQm+BpkX54OdAl8pveJwUdpnCXQ=="
    },
    "emitter-component": {
      "version": "1.1.2",
      "resolved": "https://registry.npmjs.org/emitter-component/-/emitter-component-1.1.2.tgz",
      "integrity": "sha512-QdXO3nXOzZB4pAjM0n6ZE+R9/+kPpECA/XSELIcc54NeYVnBqIk+4DFiBgK+8QbV3mdvTG6nedl7dTYgO+5wDw=="
    },
    "plotly.js-dist": {
      "version": "2.32.0",
      "resolved": "https://registry.npmjs.org/plotly.js-dist/-/plotly.js-dist-2.32.0.tgz",
      "integrity": "sha512-+RnvqNTJADe3ctmCMT2YOhXu4ZwYuBi7eD4FF0oyaJ8jWj65Ru6lZVnetr7T3ZvnU5BgQWbbId+tYgf0PBFkeQ=="
    },
    "plotly.js-dist-min": {
      "version": "2.32.0",
      "resolved": "https://registry.npmjs.org/plotly.js-dist-min/-/plotly.js-dist-min-2.32.0.tgz",
      "integrity": "sha512-UVznwUQVc7NeFih0tnIbvCpxct+Jxt6yxOGTYJF4vkKIUyujvyiTrH+XazglvcXdybFLERMu/IKt6Lhz3+BqMQ=="
    },
    "select2": {
      "version": "4.1.0-rc.0",
      "resolved": "https://registry.npmjs.org/select2/-/select2-4.1.0-rc.0.tgz",
      "integrity": "sha512-Hr9TdhyHCZUtwznEH2CBf7967mEM0idtJ5nMtjvk3Up5tPukOLXbHUNmh10oRfeNIhj+3GD3niu+g6sVK+gK0A=="
    },
    "stream": {
      "version": "0.0.2",
      "resolved": "https://registry.npmjs.org/stream/-/stream-0.0.2.tgz",
      "integrity": "sha512-gCq3NDI2P35B2n6t76YJuOp7d6cN/C7Rt0577l91wllh0sY9ZBuw9KaSGqH/b0hzn3CWWJbpbW0W0WvQ1H/Q7g==",
      "requires": {
        "emitter-component": "^1.1.1"
      }
    }
  }
}
